
Microsoft Visual Studio Solution File, Format Version 12.00
# Visual Studio 15
VisualStudioVersion = 15.0.28307.852
MinimumVisualStudioVersion = 10.0.40219.1
Project("{8BC9CEB8-8B4A-11D0-8D11-00A0C91BC942}") = "CameraServer", "CameraServer\CameraServer.vcxproj", "{772FE066-66D3-4F91-BCCB-E1DF8422F3BF}"
EndProject
Global
	GlobalSection(SolutionConfigurationPlatforms) = preSolution
		Debug|x64 = Debug|x64
		Debug|x86 = Debug|x86
		Release|x64 = Release|x64
		Release|x86 = Release|x86
	EndGlobalSection
	GlobalSection(ProjectConfigurationPlatforms) = postSolution
		{772FE066-66D3-4F91-BCCB-E1DF8422F3BF}.Debug|x64.ActiveCfg = Debug|x64
		{772FE066-66D3-4F91-BCCB-E1DF8422F3BF}.Debug|x64.Build.0 = Debug|x64
		{772FE066-66D3-4F91-BCCB-E1DF8422F3BF}.Debug|x86.ActiveCfg = Debug|Win32
		{772FE066-66D3-4F91-BCCB-E1DF8422F3BF}.Debug|x86.Build.0 = Debug|Win32
		{772FE066-66D3-4F91-BCCB-E1DF8422F3BF}.Release|x64.ActiveCfg = Release|x64
		{772FE066-66D3-4F91-BCCB-E1DF8422F3BF}.Release|x64.Build.0 = Release|x64
		{772FE066-66D3-4F91-BCCB-E1DF8422F3BF}.Release|x86.ActiveCfg = Release|Win32
		{772FE066-66D3-4F91-BCCB-E1DF8422F3BF}.Release|x86.Build.0 = Release|Win32
	EndGlobalSection
	GlobalSection(SolutionProperties) = preSolution
		HideSolutionNode = FALSE
	EndGlobalSection
	GlobalSection(ExtensibilityGlobals) = postSolution
		SolutionGuid = {57EAA522-9F8B-4057-985B-DE82FF4F89F4}
	EndGlobalSection
EndGlobal
