
Microsoft Visual Studio Solution File, Format Version 12.00
# Visual Studio Version 16
VisualStudioVersion = 16.0.30717.126
MinimumVisualStudioVersion = 10.0.40219.1
Project("{FAE04EC0-301F-11D3-BF4B-00C04F79EFBC}") = "LearnSharp", "LearnSharp\LearnSharp.csproj", "{CA0207DF-B55E-4475-94FE-F425A81310B1}"
EndProject
Global
	GlobalSection(SolutionConfigurationPlatforms) = preSolution
		Debug|Any CPU = Debug|Any CPU
		Release|Any CPU = Release|Any CPU
	EndGlobalSection
	GlobalSection(ProjectConfigurationPlatforms) = postSolution
		{CA0207DF-B55E-4475-94FE-F425A81310B1}.Debug|Any CPU.ActiveCfg = Debug|Any CPU
		{CA0207DF-B55E-4475-94FE-F425A81310B1}.Debug|Any CPU.Build.0 = Debug|Any CPU
		{CA0207DF-B55E-4475-94FE-F425A81310B1}.Release|Any CPU.ActiveCfg = Release|Any CPU
		{CA0207DF-B55E-4475-94FE-F425A81310B1}.Release|Any CPU.Build.0 = Release|Any CPU
	EndGlobalSection
	GlobalSection(SolutionProperties) = preSolution
		HideSolutionNode = FALSE
	EndGlobalSection
	GlobalSection(ExtensibilityGlobals) = postSolution
		SolutionGuid = {7239FF4A-D760-4DA8-9B43-B4E2153C1B5D}
	EndGlobalSection
EndGlobal
